
Microsoft Visual Studio Solution File, Format Version 12.00
Project("{FAE04EC0-301F-11D3-BF4B-00C04F79EFBC}") = "Test", "Test\Test.csproj", "{CE2EDD9C-C787-48F5-B8C1-846715255798}"
EndProject
Global
	GlobalSection(SolutionConfigurationPlatforms) = preSolution
		Debug|Any CPU = Debug|Any CPU
		Release|Any CPU = Release|Any CPU
	EndGlobalSection
	GlobalSection(ProjectConfigurationPlatforms) = postSolution
		{CE2EDD9C-C787-48F5-B8C1-846715255798}.Debug|Any CPU.ActiveCfg = Debug|Any CPU
		{CE2EDD9C-C787-48F5-B8C1-846715255798}.Debug|Any CPU.Build.0 = Debug|Any CPU
		{CE2EDD9C-C787-48F5-B8C1-846715255798}.Release|Any CPU.ActiveCfg = Release|Any CPU
		{CE2EDD9C-C787-48F5-B8C1-846715255798}.Release|Any CPU.Build.0 = Release|Any CPU
	EndGlobalSection
EndGlobal
